<?xml version="1.0" encoding="utf-8"?>
<Project ToolsVersion="4.0" xmlns="http://schemas.microsoft.com/developer/msbuild/2003">
  <ItemGroup>
    <Filter Include="소스 파일">
      <UniqueIdentifier>{4FC737F1-C7A5-4376-A066-2A32D752A2FF}</UniqueIdentifier>
      <Extensions>cpp;c;cc;cxx;def;odl;idl;hpj;bat;asm;asmx</Extensions>
    </Filter>
    <Filter Include="헤더 파일">
      <UniqueIdentifier>{93995380-89BD-4b04-88EB-625FBE52EBFB}</UniqueIdentifier>
      <Extensions>h;hpp;hxx;hm;inl;inc;xsd</Extensions>
    </Filter>
    <Filter Include="리소스 파일">
      <UniqueIdentifier>{67DA6AB6-F800-4c08-8B7A-83BB121AAD01}</UniqueIdentifier>
      <Extensions>rc;ico;cur;bmp;dlg;rc2;rct;bin;rgs;gif;jpg;jpeg;jpe;resx;tiff;tif;png;wav;mfcribbon-ms</Extensions>
    </Filter>
    <Filter Include="DIORCO">
      <UniqueIdentifier>{27753c8f-8d47-4e7a-95e9-8e7d2e0027c7}</UniqueIdentifier>
    </Filter>
    <Filter Include="DIORCO\Util">
      <UniqueIdentifier>{c1da1949-e9c6-4872-8c8a-043611de1dc5}</UniqueIdentifier>
    </Filter>
  </ItemGroup>
  <ItemGroup>
    <None Include="ReadMe.txt" />
    <None Include="res\OSG_OBJ_Viewer.rc2">
      <Filter>리소스 파일</Filter>
    </None>
    <None Include="res\OSG_OBJ_Viewer.ico">
      <Filter>리소스 파일</Filter>
    </None>
  </ItemGroup>
  <ItemGroup>
    <ClInclude Include="OSG_OBJ_Viewer.h">
      <Filter>헤더 파일</Filter>
    </ClInclude>
    <ClInclude Include="OSG_OBJ_ViewerDlg.h">
      <Filter>헤더 파일</Filter>
    </ClInclude>
    <ClInclude Include="stdafx.h">
      <Filter>헤더 파일</Filter>
    </ClInclude>
    <ClInclude Include="targetver.h">
      <Filter>헤더 파일</Filter>
    </ClInclude>
    <ClInclude Include="Resource.h">
      <Filter>헤더 파일</Filter>
    </ClInclude>
    <ClInclude Include="RenderingThread.h">
      <Filter>헤더 파일</Filter>
    </ClInclude>
    <ClInclude Include="OSG_Common.h">
      <Filter>헤더 파일</Filter>
    </ClInclude>
    <ClInclude Include="CameraController.h">
      <Filter>헤더 파일</Filter>
    </ClInclude>
    <ClInclude Include="DIORCO\CustomOBJLoader.h">
      <Filter>DIORCO</Filter>
    </ClInclude>
    <ClInclude Include="DIORCO\DIORCO_Common.h">
      <Filter>DIORCO</Filter>
    </ClInclude>
    <ClInclude Include="DIORCO\tiny_obj_loader.h">
      <Filter>DIORCO</Filter>
    </ClInclude>
    <ClInclude Include="DIORCO\Util\DebugConsoleWindow.h">
      <Filter>DIORCO\Util</Filter>
    </ClInclude>
    <ClInclude Include="DIORCO\Util\TimeWatch.h">
      <Filter>DIORCO\Util</Filter>
    </ClInclude>
    <ClInclude Include="DIORCO\Util\Util.h">
      <Filter>DIORCO\Util</Filter>
    </ClInclude>
    <ClInclude Include="OSG_App.h">
      <Filter>헤더 파일</Filter>
    </ClInclude>
    <ClInclude Include="RTT.h">
      <Filter>헤더 파일</Filter>
    </ClInclude>
  </ItemGroup>
  <ItemGroup>
    <ClCompile Include="OSG_OBJ_Viewer.cpp">
      <Filter>소스 파일</Filter>
    </ClCompile>
    <ClCompile Include="OSG_OBJ_ViewerDlg.cpp">
      <Filter>소스 파일</Filter>
    </ClCompile>
    <ClCompile Include="stdafx.cpp">
      <Filter>소스 파일</Filter>
    </ClCompile>
    <ClCompile Include="RenderingThread.cpp">
      <Filter>소스 파일</Filter>
    </ClCompile>
    <ClCompile Include="CameraController.cpp">
      <Filter>소스 파일</Filter>
    </ClCompile>
    <ClCompile Include="DIORCO\CustomOBJLoader.cpp">
      <Filter>DIORCO</Filter>
    </ClCompile>
    <ClCompile Include="DIORCO\DIORCO_Common.cpp">
      <Filter>DIORCO</Filter>
    </ClCompile>
    <ClCompile Include="DIORCO\tiny_obj_loader.cc">
      <Filter>DIORCO</Filter>
    </ClCompile>
    <ClCompile Include="DIORCO\Util\DebugConsoleWindow.cpp">
      <Filter>DIORCO\Util</Filter>
    </ClCompile>
    <ClCompile Include="DIORCO\Util\TimeWatch.cpp">
      <Filter>DIORCO\Util</Filter>
    </ClCompile>
    <ClCompile Include="OSG_App.cpp">
      <Filter>소스 파일</Filter>
    </ClCompile>
    <ClCompile Include="RTT.cpp">
      <Filter>소스 파일</Filter>
    </ClCompile>
  </ItemGroup>
  <ItemGroup>
    <ResourceCompile Include="OSG_OBJ_Viewer.rc">
      <Filter>리소스 파일</Filter>
    </ResourceCompile>
  </ItemGroup>
</Project>